
Microsoft Visual Studio Solution File, Format Version 12.00
# Visual Studio Version 17
VisualStudioVersion = 17.4.33122.133
MinimumVisualStudioVersion = 10.0.40219.1
Project("{9A19103F-16F7-4668-BE54-9A1E7A4F7556}") = "DynamicForm", "DynamicForm\DynamicForm.csproj", "{27526B4F-D871-4C29-B9EF-2DC89BD1A874}"
EndProject
Project("{FAE04EC0-301F-11D3-BF4B-00C04F79EFBC}") = "Infrastructure", "Infrastructure\Infrastructure.csproj", "{D4A1442B-2264-4A54-BB9C-6109E8547445}"
EndProject
Project("{FAE04EC0-301F-11D3-BF4B-00C04F79EFBC}") = "Core", "Core\Core.csproj", "{9DC8BE9E-B501-4F23-AA10-CBD88AF0C2CD}"
EndProject
Global
	GlobalSection(SolutionConfigurationPlatforms) = preSolution
		Debug|Any CPU = Debug|Any CPU
		Release|Any CPU = Release|Any CPU
	EndGlobalSection
	GlobalSection(ProjectConfigurationPlatforms) = postSolution
		{27526B4F-D871-4C29-B9EF-2DC89BD1A874}.Debug|Any CPU.ActiveCfg = Debug|Any CPU
		{27526B4F-D871-4C29-B9EF-2DC89BD1A874}.Debug|Any CPU.Build.0 = Debug|Any CPU
		{27526B4F-D871-4C29-B9EF-2DC89BD1A874}.Release|Any CPU.ActiveCfg = Release|Any CPU
		{27526B4F-D871-4C29-B9EF-2DC89BD1A874}.Release|Any CPU.Build.0 = Release|Any CPU
		{D4A1442B-2264-4A54-BB9C-6109E8547445}.Debug|Any CPU.ActiveCfg = Debug|Any CPU
		{D4A1442B-2264-4A54-BB9C-6109E8547445}.Debug|Any CPU.Build.0 = Debug|Any CPU
		{D4A1442B-2264-4A54-BB9C-6109E8547445}.Release|Any CPU.ActiveCfg = Release|Any CPU
		{D4A1442B-2264-4A54-BB9C-6109E8547445}.Release|Any CPU.Build.0 = Release|Any CPU
		{9DC8BE9E-B501-4F23-AA10-CBD88AF0C2CD}.Debug|Any CPU.ActiveCfg = Debug|Any CPU
		{9DC8BE9E-B501-4F23-AA10-CBD88AF0C2CD}.Debug|Any CPU.Build.0 = Debug|Any CPU
		{9DC8BE9E-B501-4F23-AA10-CBD88AF0C2CD}.Release|Any CPU.ActiveCfg = Release|Any CPU
		{9DC8BE9E-B501-4F23-AA10-CBD88AF0C2CD}.Release|Any CPU.Build.0 = Release|Any CPU
	EndGlobalSection
	GlobalSection(SolutionProperties) = preSolution
		HideSolutionNode = FALSE
	EndGlobalSection
	GlobalSection(ExtensibilityGlobals) = postSolution
		SolutionGuid = {D03FF551-041B-4B42-AF62-D45A2B039B85}
	EndGlobalSection
EndGlobal
